
Microsoft Visual Studio Solution File, Format Version 12.00
# Visual Studio 14
VisualStudioVersion = 14.0.25420.1
MinimumVisualStudioVersion = 10.0.40219.1
Project("{FAE04EC0-301F-11D3-BF4B-00C04F79EFBC}") = "HoteldatabaseFrontEnd", "HoteldatabaseFrontEnd\HoteldatabaseFrontEnd.csproj", "{607474E1-0A3C-4CC9-A2E0-9BF375EF83D6}"
EndProject
Global
	GlobalSection(SolutionConfigurationPlatforms) = preSolution
		Debug|ARM = Debug|ARM
		Debug|x64 = Debug|x64
		Debug|x86 = Debug|x86
		Release|ARM = Release|ARM
		Release|x64 = Release|x64
		Release|x86 = Release|x86
	EndGlobalSection
	GlobalSection(ProjectConfigurationPlatforms) = postSolution
		{607474E1-0A3C-4CC9-A2E0-9BF375EF83D6}.Debug|ARM.ActiveCfg = Debug|ARM
		{607474E1-0A3C-4CC9-A2E0-9BF375EF83D6}.Debug|ARM.Build.0 = Debug|ARM
		{607474E1-0A3C-4CC9-A2E0-9BF375EF83D6}.Debug|ARM.Deploy.0 = Debug|ARM
		{607474E1-0A3C-4CC9-A2E0-9BF375EF83D6}.Debug|x64.ActiveCfg = Debug|x64
		{607474E1-0A3C-4CC9-A2E0-9BF375EF83D6}.Debug|x64.Build.0 = Debug|x64
		{607474E1-0A3C-4CC9-A2E0-9BF375EF83D6}.Debug|x64.Deploy.0 = Debug|x64
		{607474E1-0A3C-4CC9-A2E0-9BF375EF83D6}.Debug|x86.ActiveCfg = Debug|x86
		{607474E1-0A3C-4CC9-A2E0-9BF375EF83D6}.Debug|x86.Build.0 = Debug|x86
		{607474E1-0A3C-4CC9-A2E0-9BF375EF83D6}.Debug|x86.Deploy.0 = Debug|x86
		{607474E1-0A3C-4CC9-A2E0-9BF375EF83D6}.Release|ARM.ActiveCfg = Release|ARM
		{607474E1-0A3C-4CC9-A2E0-9BF375EF83D6}.Release|ARM.Build.0 = Release|ARM
		{607474E1-0A3C-4CC9-A2E0-9BF375EF83D6}.Release|ARM.Deploy.0 = Release|ARM
		{607474E1-0A3C-4CC9-A2E0-9BF375EF83D6}.Release|x64.ActiveCfg = Release|x64
		{607474E1-0A3C-4CC9-A2E0-9BF375EF83D6}.Release|x64.Build.0 = Release|x64
		{607474E1-0A3C-4CC9-A2E0-9BF375EF83D6}.Release|x64.Deploy.0 = Release|x64
		{607474E1-0A3C-4CC9-A2E0-9BF375EF83D6}.Release|x86.ActiveCfg = Release|x86
		{607474E1-0A3C-4CC9-A2E0-9BF375EF83D6}.Release|x86.Build.0 = Release|x86
		{607474E1-0A3C-4CC9-A2E0-9BF375EF83D6}.Release|x86.Deploy.0 = Release|x86
	EndGlobalSection
	GlobalSection(SolutionProperties) = preSolution
		HideSolutionNode = FALSE
	EndGlobalSection
EndGlobal
